
Microsoft Visual Studio Solution File, Format Version 12.00
# Visual Studio Version 17
VisualStudioVersion = 17.5.33516.290
MinimumVisualStudioVersion = 10.0.40219.1
Project("{FAE04EC0-301F-11D3-BF4B-00C04F79EFBC}") = "AiSDLab_2", "AiSDLab_2\AiSDLab_2.csproj", "{F528871F-6744-4736-A97A-103D1EE6EB8A}"
EndProject
Global
	GlobalSection(SolutionConfigurationPlatforms) = preSolution
		Debug|Any CPU = Debug|Any CPU
		Release|Any CPU = Release|Any CPU
	EndGlobalSection
	GlobalSection(ProjectConfigurationPlatforms) = postSolution
		{F528871F-6744-4736-A97A-103D1EE6EB8A}.Debug|Any CPU.ActiveCfg = Debug|Any CPU
		{F528871F-6744-4736-A97A-103D1EE6EB8A}.Debug|Any CPU.Build.0 = Debug|Any CPU
		{F528871F-6744-4736-A97A-103D1EE6EB8A}.Release|Any CPU.ActiveCfg = Release|Any CPU
		{F528871F-6744-4736-A97A-103D1EE6EB8A}.Release|Any CPU.Build.0 = Release|Any CPU
	EndGlobalSection
	GlobalSection(SolutionProperties) = preSolution
		HideSolutionNode = FALSE
	EndGlobalSection
	GlobalSection(ExtensibilityGlobals) = postSolution
		SolutionGuid = {070E6B37-AF91-4FCA-B27E-9EB1DA2430CC}
	EndGlobalSection
EndGlobal
